{
  "nodes": {
    "nixpkgs": {
      "locked": {
        "lastModified": 1631638810,
        "narHash": "sha256-ZocqzRib1yx5Chl1R/R9HKT11z152f10FzlARcgq4jE=",
        "owner": "NixOS",
        "repo": "nixpkgs",
        "rev": "32f704c4fcbd1ceacbe0c784bf0f3f1bd5ff5b94",
        "type": "github"
      },
      "original": {
        "id": "nixpkgs",
        "type": "indirect"
      }
    },
    "root": {
      "inputs": {
        "nixpkgs": "nixpkgs"
      }
    }
  },
  "root": "root",
  "version": 7
}
